
Microsoft Visual Studio Solution File, Format Version 12.00
# Visual Studio Version 17
VisualStudioVersion = 17.0.32112.339
MinimumVisualStudioVersion = 10.0.40219.1
Project("{9A19103F-16F7-4668-BE54-9A1E7A4F7556}") = "PracticeBlazorServerProject", "PracticeBlazorServerProject\PracticeBlazorServerProject.csproj", "{6F5ACC94-AC68-4A0B-BB39-94A035305C40}"
EndProject
Global
	GlobalSection(SolutionConfigurationPlatforms) = preSolution
		Debug|Any CPU = Debug|Any CPU
		Release|Any CPU = Release|Any CPU
	EndGlobalSection
	GlobalSection(ProjectConfigurationPlatforms) = postSolution
		{6F5ACC94-AC68-4A0B-BB39-94A035305C40}.Debug|Any CPU.ActiveCfg = Debug|Any CPU
		{6F5ACC94-AC68-4A0B-BB39-94A035305C40}.Debug|Any CPU.Build.0 = Debug|Any CPU
		{6F5ACC94-AC68-4A0B-BB39-94A035305C40}.Release|Any CPU.ActiveCfg = Release|Any CPU
		{6F5ACC94-AC68-4A0B-BB39-94A035305C40}.Release|Any CPU.Build.0 = Release|Any CPU
	EndGlobalSection
	GlobalSection(SolutionProperties) = preSolution
		HideSolutionNode = FALSE
	EndGlobalSection
	GlobalSection(ExtensibilityGlobals) = postSolution
		SolutionGuid = {0C48B715-574A-4200-ACFB-F993F91CBB6B}
	EndGlobalSection
EndGlobal
